hash: 1d7deacfdf29c12e3e27684161625ff1c364cd786436f8b94c28821a05081fe6
updated: 2018-10-16T14:10:38.785264+08:00
imports:
- name: github.com/astaxie/beego
  version: f16688817aa428d10361394015b40d096b680542
- name: github.com/BurntSushi/toml
  version: 3012a1dbe2e4bd1391d42b32f0577cb7bbc7f005
- name: github.com/ethereum/go-ethereum
  version: ccc0debb63124ee99906c2cfff6125de30e8c62f
  subpackages:
  - crypto
- name: github.com/golang/protobuf
  version: b4deda0973fb4c70b50d226b1af49f3da59f5265
  subpackages:
  - proto
  - protoc-gen-go
  - protoc-gen-go/descriptor
  - ptypes
  - ptypes/any
  - ptypes/duration
  - ptypes/timestamp
- name: github.com/gorilla/websocket
  version: 76e4896901ef89d253d69b528d3701dd146fe2ae
- name: github.com/influxdata/influxdb
  version: 4958cdc70be25b636b1598277ba9846afbced004
  subpackages:
  - client/v2
  - models
  - pkg/escape
- name: github.com/influxdata/platform
  version: 8bf3ab548d4868837c049f335ad8398044703320
  subpackages:
  - models
  - pkg/escape
- name: github.com/shengdoushi/base58
  version: c2e5dd9cebf91f86ab174cf5fd8bdb66d99c9e22
- name: golang.org/x/net
  version: 92b859f39abd2d91a854c9f9c4621b2f5054a92d
  subpackages:
  - context
  - http2
  - http2/hpack
  - idna
  - internal/timeseries
  - lex/httplex
  - trace
- name: golang.org/x/text
  version: f21a4dfb5e38f5895301dc265a8def02365cc3d0
  subpackages:
  - secure/bidirule
  - transform
  - unicode/bidi
  - unicode/norm
- name: google.golang.org/genproto
  version: ff3583edef7de132f219f0efc00e097cabcc0ec0
  subpackages:
  - googleapis/api/annotations
  - googleapis/rpc/status
- name: google.golang.org/grpc
  version: 168a6198bcb0ef175f7dacec0b8691fc141dc9b8
  subpackages:
  - balancer
  - balancer/base
  - balancer/roundrobin
  - codes
  - connectivity
  - credentials
  - encoding
  - encoding/proto
  - grpclog
  - internal
  - internal/backoff
  - internal/channelz
  - internal/grpcrand
  - keepalive
  - metadata
  - naming
  - peer
  - resolver
  - resolver/dns
  - resolver/passthrough
  - stats
  - status
  - tap
  - transport
testImports: []
